Microsoft Visual Studio Solution File, Format Version 11.00
# Visual Studio 2008

Project("{BDC88DE9-9023-536E-3873-9A03CECAEE0E}") = "MetalGear", "Assembly-CSharp.csproj", "{2045DF58-DC34-9A46-A218-C3883D36BAC2}"
EndProject
Global
	GlobalSection(SolutionConfigurationPlatforms) = preSolution
		Debug|Any CPU = Debug|Any CPU
		Release|Any CPU = Release|Any CPU
	EndGlobalSection
	GlobalSection(ProjectConfigurationPlatforms) = postSolution
		{2045DF58-DC34-9A46-A218-C3883D36BAC2}.Debug|Any CPU.ActiveCfg = Debug|Any CPU
		{2045DF58-DC34-9A46-A218-C3883D36BAC2}.Debug|Any CPU.Build.0 = Debug|Any CPU
		{2045DF58-DC34-9A46-A218-C3883D36BAC2}.Release|Any CPU.ActiveCfg = Release|Any CPU
		{2045DF58-DC34-9A46-A218-C3883D36BAC2}.Release|Any CPU.Build.0 = Release|Any CPU
	EndGlobalSection
	GlobalSection(SolutionProperties) = preSolution
		HideSolutionNode = FALSE
	EndGlobalSection
	GlobalSection(MonoDevelopProperties) = preSolution
		StartupItem = Assembly-CSharp.csproj
	EndGlobalSection
EndGlobal
