
Microsoft Visual Studio Solution File, Format Version 12.00
# Visual Studio 2015
Project("{FAE04EC0-301F-11D3-BF4B-00C04F79EFBC}") = "MetalGear", "MetalGear.csproj", "{A3F89F69-2ED8-9E5D-CF05-1D5C278CAD55}"
EndProject
Global
	GlobalSection(SolutionConfigurationPlatforms) = preSolution
		Debug|Any CPU = Debug|Any CPU
		Release|Any CPU = Release|Any CPU
	EndGlobalSection
	GlobalSection(ProjectConfigurationPlatforms) = postSolution
		{A3F89F69-2ED8-9E5D-CF05-1D5C278CAD55}.Debug|Any CPU.ActiveCfg = Debug|Any CPU
		{A3F89F69-2ED8-9E5D-CF05-1D5C278CAD55}.Debug|Any CPU.Build.0 = Debug|Any CPU
		{A3F89F69-2ED8-9E5D-CF05-1D5C278CAD55}.Release|Any CPU.ActiveCfg = Release|Any CPU
		{A3F89F69-2ED8-9E5D-CF05-1D5C278CAD55}.Release|Any CPU.Build.0 = Release|Any CPU
	EndGlobalSection
	GlobalSection(SolutionProperties) = preSolution
		HideSolutionNode = FALSE
	EndGlobalSection
EndGlobal
